// !$*UTF8*$!
{
	archiveVersion = 1;
	classes = {
	};
	objectVersion = 50;
	objects = {

/* Begin PBXBuildFile section */
		E529BDF7258253BC00B476E8 /* AppDelegate.swift in Sources */ = {isa = PBXBuildFile; fileRef = E529BDF6258253BC00B476E8 /* AppDelegate.swift */; };
		E529BDF9258253BC00B476E8 /* SceneDelegate.swift in Sources */ = {isa = PBXBuildFile; fileRef = E529BDF8258253BC00B476E8 /* SceneDelegate.swift */; };
		E529BDFB258253BC00B476E8 /* ViewController.swift in Sources */ = {isa = PBXBuildFile; fileRef = E529BDFA258253BC00B476E8 /* ViewController.swift */; };
		E529BDFE258253BC00B476E8 /* Main.storyboard in Resources */ = {isa = PBXBuildFile; fileRef = E529BDFC258253BC00B476E8 /* Main.storyboard */; };
		E529BE00258253C000B476E8 /* Assets.xcassets in Resources */ = {isa = PBXBuildFile; fileRef = E529BDFF258253C000B476E8 /* Assets.xcassets */; };
		E529BE03258253C000B476E8 /* LaunchScreen.storyboard in Resources */ = {isa = PBXBuildFile; fileRef = E529BE01258253C000B476E8 /* LaunchScreen.storyboard */; };
		E529BE0C258254D200B476E8 /* CustomCell.swift in Sources */ = {isa = PBXBuildFile; fileRef = E529BE0B258254D200B476E8 /* CustomCell.swift */; };
		E529BE0F2582577900B476E8 /* CustomCell.xib in Resources */ = {isa = PBXBuildFile; fileRef = E529BE0E2582577900B476E8 /* CustomCell.xib */; };
		E529BE162582733900B476E8 /* CustomCellViewController.swift in Sources */ = {isa = PBXBuildFile; fileRef = E529BE152582733900B476E8 /* CustomCellViewController.swift */; };
/* End PBXBuildFile section */

/* Begin PBXFileReference section */
		E529BDF3258253BC00B476E8 /* test.app */ = {isa = PBXFileReference; explicitFileType = wrapper.application; includeInIndex = 0; path = test.app; sourceTree = BUILT_PRODUCTS_DIR; };
		E529BDF6258253BC00B476E8 /* AppDelegate.swift */ = {isa = PBXFileReference; lastKnownFileType = sourcecode.swift; path = AppDelegate.swift; sourceTree = "<group>"; };
		E529BDF8258253BC00B476E8 /* SceneDelegate.swift */ = {isa = PBXFileReference; lastKnownFileType = sourcecode.swift; path = SceneDelegate.swift; sourceTree = "<group>"; };
		E529BDFA258253BC00B476E8 /* ViewController.swift */ = {isa = PBXFileReference; lastKnownFileType = sourcecode.swift; path = ViewController.swift; sourceTree = "<group>"; };
		E529BDFD258253BC00B476E8 /* Base */ = {isa = PBXFileReference; lastKnownFileType = file.storyboard; name = Base; path = Base.lproj/Main.storyboard; sourceTree = "<group>"; };
		E529BDFF258253C000B476E8 /* Assets.xcassets */ = {isa = PBXFileReference; lastKnownFileType = folder.assetcatalog; path = Assets.xcassets; sourceTree = "<group>"; };
		E529BE02258253C000B476E8 /* Base */ = {isa = PBXFileReference; lastKnownFileType = file.storyboard; name = Base; path = Base.lproj/LaunchScreen.storyboard; sourceTree = "<group>"; };
		E529BE04258253C000B476E8 /* Info.plist */ = {isa = PBXFileReference; lastKnownFileType = text.plist.xml; path = Info.plist; sourceTree = "<group>"; };
		E529BE0B258254D200B476E8 /* CustomCell.swift */ = {isa = PBXFileReference; lastKnownFileType = sourcecode.swift; path = CustomCell.swift; sourceTree = "<group>"; };
		E529BE0E2582577900B476E8 /* CustomCell.xib */ = {isa = PBXFileReference; lastKnownFileType = file.xib; path = CustomCell.xib; sourceTree = "<group>"; };
		E529BE152582733900B476E8 /* CustomCellViewController.swift */ = {isa = PBXFileReference; lastKnownFileType = sourcecode.swift; path = CustomCellViewController.swift; sourceTree = "<group>"; };
/* End PBXFileReference section */

/* Begin PBXFrameworksBuildPhase section */
		E529BDF0258253BC00B476E8 /* Frameworks */ = {
			isa = PBXFrameworksBuildPhase;
			buildActionMask = 2147483647;
			files = (
			);
			runOnlyForDeploymentPostprocessing = 0;
		};
/* End PBXFrameworksBuildPhase section */

/* Begin PBXGroup section */
		E529BDEA258253BC00B476E8 = {
			isa = PBXGroup;
			children = (
				E529BDF5258253BC00B476E8 /* test */,
				E529BDF4258253BC00B476E8 /* Products */,
			);
			sourceTree = "<group>";
		};
		E529BDF4258253BC00B476E8 /* Products */ = {
			isa = PBXGroup;
			children = (
				E529BDF3258253BC00B476E8 /* test.app */,
			);
			name = Products;
			sourceTree = "<group>";
		};
		E529BDF5258253BC00B476E8 /* test */ = {
			isa = PBXGroup;
			children = (
				E529BDF6258253BC00B476E8 /* AppDelegate.swift */,
				E529BDF8258253BC00B476E8 /* SceneDelegate.swift */,
				E529BDFA258253BC00B476E8 /* ViewController.swift */,
				E529BDFC258253BC00B476E8 /* Main.storyboard */,
				E529BDFF258253C000B476E8 /* Assets.xcassets */,
				E529BE01258253C000B476E8 /* LaunchScreen.storyboard */,
				E529BE04258253C000B476E8 /* Info.plist */,
				E529BE0B258254D200B476E8 /* CustomCell.swift */,
				E529BE0E2582577900B476E8 /* CustomCell.xib */,
				E529BE152582733900B476E8 /* CustomCellViewController.swift */,
			);
			path = test;
			sourceTree = "<group>";
		};
/* End PBXGroup section */

/* Begin PBXNativeTarget section */
		E529BDF2258253BC00B476E8 /* test */ = {
			isa = PBXNativeTarget;
			buildConfigurationList = E529BE07258253C000B476E8 /* Build configuration list for PBXNativeTarget "test" */;
			buildPhases = (
				E529BDEF258253BC00B476E8 /* Sources */,
				E529BDF0258253BC00B476E8 /* Frameworks */,
				E529BDF1258253BC00B476E8 /* Resources */,
			);
			buildRules = (
			);
			dependencies = (
			);
			name = test;
			productName = test;
			productReference = E529BDF3258253BC00B476E8 /* test.app */;
			productType = "com.apple.product-type.application";
		};
/* End PBXNativeTarget section */

/* Begin PBXProject section */
		E529BDEB258253BC00B476E8 /* Project object */ = {
			isa = PBXProject;
			attributes = {
				LastSwiftUpdateCheck = 1210;
				LastUpgradeCheck = 1210;
				TargetAttributes = {
					E529BDF2258253BC00B476E8 = {
						CreatedOnToolsVersion = 12.1;
					};
				};
			};
			buildConfigurationList = E529BDEE258253BC00B476E8 /* Build configuration list for PBXProject "test" */;
			compatibilityVersion = "Xcode 9.3";
			developmentRegion = en;
			hasScannedForEncodings = 0;
			knownRegions = (
				en,
				Base,
			);
			mainGroup = E529BDEA258253BC00B476E8;
			productRefGroup = E529BDF4258253BC00B476E8 /* Products */;
			projectDirPath = "";
			projectRoot = "";
			targets = (
				E529BDF2258253BC00B476E8 /* test */,
			);
		};
/* End PBXProject section */

/* Begin PBXResourcesBuildPhase section */
		E529BDF1258253BC00B476E8 /* Resources */ = {
			isa = PBXResourcesBuildPhase;
			buildActionMask = 2147483647;
			files = (
				E529BE03258253C000B476E8 /* LaunchScreen.storyboard in Resources */,
				E529BE00258253C000B476E8 /* Assets.xcassets in Resources */,
				E529BE0F2582577900B476E8 /* CustomCell.xib in Resources */,
				E529BDFE258253BC00B476E8 /* Main.storyboard in Resources */,
			);
			runOnlyForDeploymentPostprocessing = 0;
		};
/* End PBXResourcesBuildPhase section */

/* Begin PBXSourcesBuildPhase section */
		E529BDEF258253BC00B476E8 /* Sources */ = {
			isa = PBXSourcesBuildPhase;
			buildActionMask = 2147483647;
			files = (
				E529BDFB258253BC00B476E8 /* ViewController.swift in Sources */,
				E529BDF7258253BC00B476E8 /* AppDelegate.swift in Sources */,
				E529BE0C258254D200B476E8 /* CustomCell.swift in Sources */,
				E529BE162582733900B476E8 /* CustomCellViewController.swift in Sources */,
				E529BDF9258253BC00B476E8 /* SceneDelegate.swift in Sources */,
			);
			runOnlyForDeploymentPostprocessing = 0;
		};
/* End PBXSourcesBuildPhase section */

/* Begin PBXVariantGroup section */
		E529BDFC258253BC00B476E8 /* Main.storyboard */ = {
			isa = PBXVariantGroup;
			children = (
				E529BDFD258253BC00B476E8 /* Base */,
			);
			name = Main.storyboard;
			sourceTree = "<group>";
		};
		E529BE01258253C000B476E8 /* LaunchScreen.storyboard */ = {
			isa = PBXVariantGroup;
			children = (
				E529BE02258253C000B476E8 /* Base */,
			);
			name = LaunchScreen.storyboard;
			sourceTree = "<group>";
		};
/* End PBXVariantGroup section */

/* Begin XCBuildConfiguration section */
		E529BE05258253C000B476E8 /* Debug */ = {
			isa = XCBuildConfiguration;
			buildSettings = {
				ALWAYS_SEARCH_USER_PATHS = NO;
				CLANG_ANALYZER_NONNULL = YES;
				CLANG_ANALYZER_NUMBER_OBJECT_CONVERSION = YES_AGGRESSIVE;
				CLANG_CXX_LANGUAGE_STANDARD = "gnu++14";
				CLANG_CXX_LIBRARY = "libc++";
				CLANG_ENABLE_MODULES = YES;
				CLANG_ENABLE_OBJC_ARC = YES;
				CLANG_ENABLE_OBJC_WEAK = YES;
				CLANG_WARN_BLOCK_CAPTURE_AUTORELEASING = YES;
				CLANG_WARN_BOOL_CONVERSION = YES;
				CLANG_WARN_COMMA = YES;
				CLANG_WARN_CONSTANT_CONVERSION = YES;
				CLANG_WARN_DEPRECATED_OBJC_IMPLEMENTATIONS = YES;
				CLANG_WARN_DIRECT_OBJC_ISA_USAGE = YES_ERROR;
				CLANG_WARN_DOCUMENTATION_COMMENTS = YES;
				CLANG_WARN_EMPTY_BODY = YES;
				CLANG_WARN_ENUM_CONVERSION = YES;
				CLANG_WARN_INFINITE_RECURSION = YES;
				CLANG_WARN_INT_CONVERSION = YES;
				CLANG_WARN_NON_LITERAL_NULL_CONVERSION = YES;
				CLANG_WARN_OBJC_IMPLICIT_RETAIN_SELF = YES;
				CLANG_WARN_OBJC_LITERAL_CONVERSION = YES;
				CLANG_WARN_OBJC_ROOT_CLASS = YES_ERROR;
				CLANG_WARN_QUOTED_INCLUDE_IN_FRAMEWORK_HEADER = YES;
				CLANG_WARN_RANGE_LOOP_ANALYSIS = YES;
				CLANG_WARN_STRICT_PROTOTYPES = YES;
				CLANG_WARN_SUSPICIOUS_MOVE = YES;
				CLANG_WARN_UNGUARDED_AVAILABILITY = YES_AGGRESSIVE;
				CLANG_WARN_UNREACHABLE_CODE = YES;
				CLANG_WARN__DUPLICATE_METHOD_MATCH = YES;
				COPY_PHASE_STRIP = NO;
				DEBUG_INFORMATION_FORMAT = dwarf;
				ENABLE_STRICT_OBJC_MSGSEND = YES;
				ENABLE_TESTABILITY = YES;
				GCC_C_LANGUAGE_STANDARD = gnu11;
				GCC_DYNAMIC_NO_PIC = NO;
				GCC_NO_COMMON_BLOCKS = YES;
				GCC_OPTIMIZATION_LEVEL = 0;
				GCC_PREPROCESSOR_DEFINITIONS = (
					"DEBUG=1",
					"$(inherited)",
				);
				GCC_WARN_64_TO_32_BIT_CONVERSION = YES;
				GCC_WARN_ABOUT_RETURN_TYPE = YES_ERROR;
				GCC_WARN_UNDECLARED_SELECTOR = YES;
				GCC_WARN_UNINITIALIZED_AUTOS = YES_AGGRESSIVE;
				GCC_WARN_UNUSED_FUNCTION = YES;
				GCC_WARN_UNUSED_VARIABLE = YES;
				IPHONEOS_DEPLOYMENT_TARGET = 14.1;
				MTL_ENABLE_DEBUG_INFO = INCLUDE_SOURCE;
				MTL_FAST_MATH = YES;
				ONLY_ACTIVE_ARCH = YES;
				SDKROOT = iphoneos;
				SWIFT_ACTIVE_COMPILATION_CONDITIONS = DEBUG;
				SWIFT_OPTIMIZATION_LEVEL = "-Onone";
			};
			name = Debug;
		};
		E529BE06258253C000B476E8 /* Release */ = {
			isa = XCBuildConfiguration;
			buildSettings = {
				ALWAYS_SEARCH_USER_PATHS = NO;
				CLANG_ANALYZER_NONNULL = YES;
				CLANG_ANALYZER_NUMBER_OBJECT_CONVERSION = YES_AGGRESSIVE;
				CLANG_CXX_LANGUAGE_STANDARD = "gnu++14";
				CLANG_CXX_LIBRARY = "libc++";
				CLANG_ENABLE_MODULES = YES;
				CLANG_ENABLE_OBJC_ARC = YES;
				CLANG_ENABLE_OBJC_WEAK = YES;
				CLANG_WARN_BLOCK_CAPTURE_AUTORELEASING = YES;
				CLANG_WARN_BOOL_CONVERSION = YES;
				CLANG_WARN_COMMA = YES;
				CLANG_WARN_CONSTANT_CONVERSION = YES;
				CLANG_WARN_DEPRECATED_OBJC_IMPLEMENTATIONS = YES;
				CLANG_WARN_DIRECT_OBJC_ISA_USAGE = YES_ERROR;
				CLANG_WARN_DOCUMENTATION_COMMENTS = YES;
				CLANG_WARN_EMPTY_BODY = YES;
				CLANG_WARN_ENUM_CONVERSION = YES;
				CLANG_WARN_INFINITE_RECURSION = YES;
				CLANG_WARN_INT_CONVERSION = YES;
				CLANG_WARN_NON_LITERAL_NULL_CONVERSION = YES;
				CLANG_WARN_OBJC_IMPLICIT_RETAIN_SELF = YES;
				CLANG_WARN_OBJC_LITERAL_CONVERSION = YES;
				CLANG_WARN_OBJC_ROOT_CLASS = YES_ERROR;
				CLANG_WARN_QUOTED_INCLUDE_IN_FRAMEWORK_HEADER = YES;
				CLANG_WARN_RANGE_LOOP_ANALYSIS = YES;
				CLANG_WARN_STRICT_PROTOTYPES = YES;
				CLANG_WARN_SUSPICIOUS_MOVE = YES;
				CLANG_WARN_UNGUARDED_AVAILABILITY = YES_AGGRESSIVE;
				CLANG_WARN_UNREACHABLE_CODE = YES;
				CLANG_WARN__DUPLICATE_METHOD_MATCH = YES;
				COPY_PHASE_STRIP = NO;
				DEBUG_INFORMATION_FORMAT = "dwarf-with-dsym";
				ENABLE_NS_ASSERTIONS = NO;
				ENABLE_STRICT_OBJC_MSGSEND = YES;
				GCC_C_LANGUAGE_STANDARD = gnu11;
				GCC_NO_COMMON_BLOCKS = YES;
				GCC_WARN_64_TO_32_BIT_CONVERSION = YES;
				GCC_WARN_ABOUT_RETURN_TYPE = YES_ERROR;
				GCC_WARN_UNDECLARED_SELECTOR = YES;
				GCC_WARN_UNINITIALIZED_AUTOS = YES_AGGRESSIVE;
				GCC_WARN_UNUSED_FUNCTION = YES;
				GCC_WARN_UNUSED_VARIABLE = YES;
				IPHONEOS_DEPLOYMENT_TARGET = 14.1;
				MTL_ENABLE_DEBUG_INFO = NO;
				MTL_FAST_MATH = YES;
				SDKROOT = iphoneos;
				SWIFT_COMPILATION_MODE = wholemodule;
				SWIFT_OPTIMIZATION_LEVEL = "-O";
				VALIDATE_PRODUCT = YES;
			};
			name = Release;
		};
		E529BE08258253C000B476E8 /* Debug */ = {
			isa = XCBuildConfiguration;
			buildSettings = {
				ASSETCATALOG_COMPILER_APPICON_NAME = AppIcon;
				ASSETCATALOG_COMPILER_GLOBAL_ACCENT_COLOR_NAME = AccentColor;
				CODE_SIGN_STYLE = Automatic;
				INFOPLIST_FILE = test/Info.plist;
				LD_RUNPATH_SEARCH_PATHS = (
					"$(inherited)",
					"@executable_path/Frameworks",
				);
				PRODUCT_BUNDLE_IDENTIFIER = com.test;
				PRODUCT_NAME = "$(TARGET_NAME)";
				SWIFT_VERSION = 5.0;
				TARGETED_DEVICE_FAMILY = "1,2";
			};
			name = Debug;
		};
		E529BE09258253C000B476E8 /* Release */ = {
			isa = XCBuildConfiguration;
			buildSettings = {
				ASSETCATALOG_COMPILER_APPICON_NAME = AppIcon;
				ASSETCATALOG_COMPILER_GLOBAL_ACCENT_COLOR_NAME = AccentColor;
				CODE_SIGN_STYLE = Automatic;
				INFOPLIST_FILE = test/Info.plist;
				LD_RUNPATH_SEARCH_PATHS = (
					"$(inherited)",
					"@executable_path/Frameworks",
				);
				PRODUCT_BUNDLE_IDENTIFIER = com.test;
				PRODUCT_NAME = "$(TARGET_NAME)";
				SWIFT_VERSION = 5.0;
				TARGETED_DEVICE_FAMILY = "1,2";
			};
			name = Release;
		};
/* End XCBuildConfiguration section */

/* Begin XCConfigurationList section */
		E529BDEE258253BC00B476E8 /* Build configuration list for PBXProject "test" */ = {
			isa = XCConfigurationList;
			buildConfigurations = (
				E529BE05258253C000B476E8 /* Debug */,
				E529BE06258253C000B476E8 /* Release */,
			);
			defaultConfigurationIsVisible = 0;
			defaultConfigurationName = Release;
		};
		E529BE07258253C000B476E8 /* Build configuration list for PBXNativeTarget "test" */ = {
			isa = XCConfigurationList;
			buildConfigurations = (
				E529BE08258253C000B476E8 /* Debug */,
				E529BE09258253C000B476E8 /* Release */,
			);
			defaultConfigurationIsVisible = 0;
			defaultConfigurationName = Release;
		};
/* End XCConfigurationList section */
	};
	rootObject = E529BDEB258253BC00B476E8 /* Project object */;
}
